{
  "version": 1,
  "dependencies": {
    ".NETFramework,Version=v4.8": {
      "Castle.Core": {
        "type": "Direct",
        "requested": "[4.4.1, 4.4.1]",
        "resolved": "4.4.1",
        "contentHash": "zanbjWC0Y05gbx4eGXkzVycOQqVOFVeCjVsDSyuao9P4mtN1w3WxxTo193NGC7j3o2u3AJRswaoC6hEbnGACnQ=="
      },
      "FakeItEasy": {
        "type": "Direct",
        "requested": "[7.3.1, 7.3.1]",
        "resolved": "7.3.1",
        "contentHash": "ldJSgPLzVdN7MxmaZhdcnAcUya185Eqbqyx5tLjZHATI80UfLnSkQgQczD72qAdx8l3CUkWzNC43zrtnrz/jGQ=="
      },
      "Microsoft.CodeAnalysis.NetAnalyzers": {
        "type": "Direct",
        "requested": "[6.0.0, 6.0.0]",
        "resolved": "6.0.0",
        "contentHash": "cjG06LMeOADNUeCUaklOfVgrnVkLy80H5PVll4QHDUXv+C+6G9rHczrNdWjfb3xKv3Ts9s4UsP6J2ZWe52Gz4Q=="
      },
      "NUnit": {
        "type": "Direct",
        "requested": "[3.13.3, 3.13.3]",
        "resolved": "3.13.3",
        "contentHash": "KNPDpls6EfHwC3+nnA67fh5wpxeLb3VLFAfLxrug6JMYDLHH6InaQIWR7Sc3y75d/9IKzMksH/gi08W7XWbmnQ=="
      },
      "NUnit3TestAdapter": {
        "type": "Direct",
        "requested": "[4.2.1, 4.2.1]",
        "resolved": "4.2.1",
        "contentHash": "kgH8VKsrcZZgNGQXRpVCrM7TnNz9li3b/snH+YmnXUNqsaWa1Xw9EQWHpbzq4Li2FbTjTE/E5N5HdLNXzZ8BpQ=="
      }
    }
  }
}